// !$*UTF8*$!
{
	archiveVersion = 1;
	classes = {
	};
	objectVersion = 77;
	objects = {

/* Begin PBXBuildFile section */
		CB53AD552D8ED3440028CE1E /* acl_entries.c in Sources */ = {isa = PBXBuildFile; fileRef = CB53AD542D8ED3440028CE1E /* acl_entries.c */; };
		CB53AD572D8ED5390028CE1E /* acl-internal.h in Headers */ = {isa = PBXBuildFile; fileRef = CB53AD562D8ED5390028CE1E /* acl-internal.h */; };
		CB53AD592D8ED5660028CE1E /* acl.h in Headers */ = {isa = PBXBuildFile; fileRef = CB53AD582D8ED5660028CE1E /* acl.h */; };
		CB53AD5B2D8ED6090028CE1E /* memmem.c in Sources */ = {isa = PBXBuildFile; fileRef = CB53AD5A2D8ED6090028CE1E /* memmem.c */; };
		CB53AD5F2D8ED9850028CE1E /* mktime.c in Sources */ = {isa = PBXBuildFile; fileRef = CB53AD5E2D8ED8FD0028CE1E /* mktime.c */; };
		CB53AD612D8ED9C60028CE1E /* libc-config.h in Headers */ = {isa = PBXBuildFile; fileRef = CB53AD602D8ED9C60028CE1E /* libc-config.h */; };
		CB53AD632D8EDA0A0028CE1E /* cdefs.h in Headers */ = {isa = PBXBuildFile; fileRef = CB53AD622D8EDA0A0028CE1E /* cdefs.h */; };
		CB53AD652D8EDAEB0028CE1E /* stdckdint.h in Headers */ = {isa = PBXBuildFile; fileRef = CB53AD642D8EDAEB0028CE1E /* stdckdint.h */; };
		CB53AD672D8EDB1F0028CE1E /* intprops.h in Headers */ = {isa = PBXBuildFile; fileRef = CB53AD662D8EDB1F0028CE1E /* intprops.h */; };
		CB53AD692D8EDB2F0028CE1E /* verify.h in Headers */ = {isa = PBXBuildFile; fileRef = CB53AD682D8EDB2F0028CE1E /* verify.h */; };
		CB53AD6F2D8EDBE00028CE1E /* acl-errno-valid.c in Sources */ = {isa = PBXBuildFile; fileRef = CB53AD6E2D8EDBE00028CE1E /* acl-errno-valid.c */; };
		CB53AD712D8EDC0F0028CE1E /* acl-internal.c in Sources */ = {isa = PBXBuildFile; fileRef = CB53AD702D8EDC0F0028CE1E /* acl-internal.c */; };
		CB53AD732D8EDC650028CE1E /* get-permissions.c in Sources */ = {isa = PBXBuildFile; fileRef = CB53AD722D8EDC650028CE1E /* get-permissions.c */; };
		CB53AD752D8EDCA50028CE1E /* set-permissions.c in Sources */ = {isa = PBXBuildFile; fileRef = CB53AD742D8EDCA50028CE1E /* set-permissions.c */; };
		CB9EBBB72D8EBB6E005A1036 /* fingerprint.c in Sources */ = {isa = PBXBuildFile; fileRef = CB9EBBB62D8EBB6E005A1036 /* fingerprint.c */; };
		CB9EBBB82D8EBB6E005A1036 /* fingerprint.h in Headers */ = {isa = PBXBuildFile; fileRef = CB9EBBB52D8EBB6E005A1036 /* fingerprint.h */; };
/* End PBXBuildFile section */

/* Begin PBXFileReference section */
		CB53AD542D8ED3440028CE1E /* acl_entries.c */ = {isa = PBXFileReference; lastKnownFileType = sourcecode.c.c; name = acl_entries.c; path = ../GnuEmacs/lib/acl_entries.c; sourceTree = SOURCE_ROOT; };
		CB53AD562D8ED5390028CE1E /* acl-internal.h */ = {isa = PBXFileReference; lastKnownFileType = sourcecode.c.h; name = "acl-internal.h"; path = "../GnuEmacs/lib/acl-internal.h"; sourceTree = SOURCE_ROOT; };
		CB53AD582D8ED5660028CE1E /* acl.h */ = {isa = PBXFileReference; lastKnownFileType = sourcecode.c.h; name = acl.h; path = ../GnuEmacs/lib/acl.h; sourceTree = SOURCE_ROOT; };
		CB53AD5A2D8ED6090028CE1E /* memmem.c */ = {isa = PBXFileReference; lastKnownFileType = sourcecode.c.c; name = memmem.c; path = ../GnuEmacs/lib/memmem.c; sourceTree = SOURCE_ROOT; };
		CB53AD5E2D8ED8FD0028CE1E /* mktime.c */ = {isa = PBXFileReference; lastKnownFileType = sourcecode.c.c; name = mktime.c; path = ../GnuEmacs/lib/mktime.c; sourceTree = SOURCE_ROOT; };
		CB53AD602D8ED9C60028CE1E /* libc-config.h */ = {isa = PBXFileReference; lastKnownFileType = sourcecode.c.h; name = "libc-config.h"; path = "../GnuEmacs/lib/libc-config.h"; sourceTree = SOURCE_ROOT; };
		CB53AD622D8EDA0A0028CE1E /* cdefs.h */ = {isa = PBXFileReference; lastKnownFileType = sourcecode.c.h; name = cdefs.h; path = ../GnuEmacs/lib/cdefs.h; sourceTree = SOURCE_ROOT; };
		CB53AD642D8EDAEB0028CE1E /* stdckdint.h */ = {isa = PBXFileReference; lastKnownFileType = sourcecode.c.h; name = stdckdint.h; path = ../GnuEmacs/lib/stdckdint.h; sourceTree = SOURCE_ROOT; };
		CB53AD662D8EDB1F0028CE1E /* intprops.h */ = {isa = PBXFileReference; lastKnownFileType = sourcecode.c.h; name = intprops.h; path = ../GnuEmacs/lib/intprops.h; sourceTree = SOURCE_ROOT; };
		CB53AD682D8EDB2F0028CE1E /* verify.h */ = {isa = PBXFileReference; lastKnownFileType = sourcecode.c.h; name = verify.h; path = ../GnuEmacs/lib/verify.h; sourceTree = SOURCE_ROOT; };
		CB53AD6E2D8EDBE00028CE1E /* acl-errno-valid.c */ = {isa = PBXFileReference; lastKnownFileType = sourcecode.c.c; name = "acl-errno-valid.c"; path = "../GnuEmacs/lib/acl-errno-valid.c"; sourceTree = SOURCE_ROOT; };
		CB53AD702D8EDC0F0028CE1E /* acl-internal.c */ = {isa = PBXFileReference; lastKnownFileType = sourcecode.c.c; name = "acl-internal.c"; path = "../GnuEmacs/lib/acl-internal.c"; sourceTree = SOURCE_ROOT; };
		CB53AD722D8EDC650028CE1E /* get-permissions.c */ = {isa = PBXFileReference; lastKnownFileType = sourcecode.c.c; name = "get-permissions.c"; path = "../GnuEmacs/lib/get-permissions.c"; sourceTree = SOURCE_ROOT; };
		CB53AD742D8EDCA50028CE1E /* set-permissions.c */ = {isa = PBXFileReference; lastKnownFileType = sourcecode.c.c; name = "set-permissions.c"; path = "../GnuEmacs/lib/set-permissions.c"; sourceTree = SOURCE_ROOT; };
		CB9EBB9D2D8EB973005A1036 /* libgnu.a */ = {isa = PBXFileReference; explicitFileType = archive.ar; includeInIndex = 0; path = libgnu.a; sourceTree = BUILT_PRODUCTS_DIR; };
		CB9EBBB52D8EBB6E005A1036 /* fingerprint.h */ = {isa = PBXFileReference; lastKnownFileType = sourcecode.c.h; name = fingerprint.h; path = ../GnuEmacs/lib/fingerprint.h; sourceTree = SOURCE_ROOT; };
		CB9EBBB62D8EBB6E005A1036 /* fingerprint.c */ = {isa = PBXFileReference; lastKnownFileType = sourcecode.c.c; name = fingerprint.c; path = ../GnuEmacs/lib/fingerprint.c; sourceTree = SOURCE_ROOT; };
/* End PBXFileReference section */

/* Begin PBXFrameworksBuildPhase section */
		CB9EBB9B2D8EB973005A1036 /* Frameworks */ = {
			isa = PBXFrameworksBuildPhase;
			buildActionMask = 2147483647;
			files = (
			);
			runOnlyForDeploymentPostprocessing = 0;
		};
/* End PBXFrameworksBuildPhase section */

/* Begin PBXGroup section */
		CB53AD6A2D8EDB830028CE1E /* Sources */ = {
			isa = PBXGroup;
			children = (
				CB9EBBB62D8EBB6E005A1036 /* fingerprint.c */,
				CB53AD542D8ED3440028CE1E /* acl_entries.c */,
				CB53AD5A2D8ED6090028CE1E /* memmem.c */,
				CB53AD5E2D8ED8FD0028CE1E /* mktime.c */,
				CB53AD6E2D8EDBE00028CE1E /* acl-errno-valid.c */,
				CB53AD702D8EDC0F0028CE1E /* acl-internal.c */,
				CB53AD722D8EDC650028CE1E /* get-permissions.c */,
				CB53AD742D8EDCA50028CE1E /* set-permissions.c */,
			);
			path = Sources;
			sourceTree = "<group>";
		};
		CB53AD6B2D8EDB920028CE1E /* Headers */ = {
			isa = PBXGroup;
			children = (
				CB9EBBB52D8EBB6E005A1036 /* fingerprint.h */,
				CB53AD562D8ED5390028CE1E /* acl-internal.h */,
				CB53AD582D8ED5660028CE1E /* acl.h */,
				CB53AD602D8ED9C60028CE1E /* libc-config.h */,
				CB53AD622D8EDA0A0028CE1E /* cdefs.h */,
				CB53AD642D8EDAEB0028CE1E /* stdckdint.h */,
				CB53AD662D8EDB1F0028CE1E /* intprops.h */,
				CB53AD682D8EDB2F0028CE1E /* verify.h */,
			);
			path = Headers;
			sourceTree = "<group>";
		};
		CB9EBB942D8EB973005A1036 = {
			isa = PBXGroup;
			children = (
				CB53AD6B2D8EDB920028CE1E /* Headers */,
				CB53AD6A2D8EDB830028CE1E /* Sources */,
				CB9EBB9E2D8EB973005A1036 /* Products */,
			);
			sourceTree = "<group>";
		};
		CB9EBB9E2D8EB973005A1036 /* Products */ = {
			isa = PBXGroup;
			children = (
				CB9EBB9D2D8EB973005A1036 /* libgnu.a */,
			);
			name = Products;
			sourceTree = "<group>";
		};
/* End PBXGroup section */

/* Begin PBXHeadersBuildPhase section */
		CB9EBB992D8EB973005A1036 /* Headers */ = {
			isa = PBXHeadersBuildPhase;
			buildActionMask = 2147483647;
			files = (
				CB53AD612D8ED9C60028CE1E /* libc-config.h in Headers */,
				CB53AD632D8EDA0A0028CE1E /* cdefs.h in Headers */,
				CB53AD592D8ED5660028CE1E /* acl.h in Headers */,
				CB53AD692D8EDB2F0028CE1E /* verify.h in Headers */,
				CB53AD572D8ED5390028CE1E /* acl-internal.h in Headers */,
				CB9EBBB82D8EBB6E005A1036 /* fingerprint.h in Headers */,
				CB53AD652D8EDAEB0028CE1E /* stdckdint.h in Headers */,
				CB53AD672D8EDB1F0028CE1E /* intprops.h in Headers */,
			);
			runOnlyForDeploymentPostprocessing = 0;
		};
/* End PBXHeadersBuildPhase section */

/* Begin PBXNativeTarget section */
		CB9EBB9C2D8EB973005A1036 /* gnu */ = {
			isa = PBXNativeTarget;
			buildConfigurationList = CB9EBBA12D8EB973005A1036 /* Build configuration list for PBXNativeTarget "gnu" */;
			buildPhases = (
				CB9EBB992D8EB973005A1036 /* Headers */,
				CB9EBB9A2D8EB973005A1036 /* Sources */,
				CB9EBB9B2D8EB973005A1036 /* Frameworks */,
			);
			buildRules = (
			);
			dependencies = (
			);
			name = gnu;
			packageProductDependencies = (
			);
			productName = gnu;
			productReference = CB9EBB9D2D8EB973005A1036 /* libgnu.a */;
			productType = "com.apple.product-type.library.static";
		};
/* End PBXNativeTarget section */

/* Begin PBXProject section */
		CB9EBB952D8EB973005A1036 /* Project object */ = {
			isa = PBXProject;
			attributes = {
				BuildIndependentTargetsInParallel = 1;
				LastUpgradeCheck = 1620;
				TargetAttributes = {
					CB9EBB9C2D8EB973005A1036 = {
						CreatedOnToolsVersion = 16.2;
					};
				};
			};
			buildConfigurationList = CB9EBB982D8EB973005A1036 /* Build configuration list for PBXProject "gnu" */;
			developmentRegion = en;
			hasScannedForEncodings = 0;
			knownRegions = (
				en,
				Base,
			);
			mainGroup = CB9EBB942D8EB973005A1036;
			minimizedProjectReferenceProxies = 1;
			preferredProjectObjectVersion = 77;
			productRefGroup = CB9EBB9E2D8EB973005A1036 /* Products */;
			projectDirPath = "";
			projectRoot = "";
			targets = (
				CB9EBB9C2D8EB973005A1036 /* gnu */,
			);
		};
/* End PBXProject section */

/* Begin PBXSourcesBuildPhase section */
		CB9EBB9A2D8EB973005A1036 /* Sources */ = {
			isa = PBXSourcesBuildPhase;
			buildActionMask = 2147483647;
			files = (
				CB53AD6F2D8EDBE00028CE1E /* acl-errno-valid.c in Sources */,
				CB53AD5F2D8ED9850028CE1E /* mktime.c in Sources */,
				CB53AD5B2D8ED6090028CE1E /* memmem.c in Sources */,
				CB53AD732D8EDC650028CE1E /* get-permissions.c in Sources */,
				CB53AD712D8EDC0F0028CE1E /* acl-internal.c in Sources */,
				CB9EBBB72D8EBB6E005A1036 /* fingerprint.c in Sources */,
				CB53AD552D8ED3440028CE1E /* acl_entries.c in Sources */,
				CB53AD752D8EDCA50028CE1E /* set-permissions.c in Sources */,
			);
			runOnlyForDeploymentPostprocessing = 0;
		};
/* End PBXSourcesBuildPhase section */

/* Begin XCBuildConfiguration section */
		CB9EBB9F2D8EB973005A1036 /* Debug */ = {
			isa = XCBuildConfiguration;
			buildSettings = {
				ALWAYS_SEARCH_USER_PATHS = NO;
				ASSETCATALOG_COMPILER_GENERATE_SWIFT_ASSET_SYMBOL_EXTENSIONS = YES;
				CLANG_ANALYZER_NONNULL = YES;
				CLANG_ANALYZER_NUMBER_OBJECT_CONVERSION = YES_AGGRESSIVE;
				CLANG_CXX_LANGUAGE_STANDARD = "gnu++20";
				CLANG_ENABLE_MODULES = YES;
				CLANG_ENABLE_OBJC_ARC = YES;
				CLANG_ENABLE_OBJC_WEAK = YES;
				CLANG_WARN_BLOCK_CAPTURE_AUTORELEASING = YES;
				CLANG_WARN_BOOL_CONVERSION = YES;
				CLANG_WARN_COMMA = YES;
				CLANG_WARN_CONSTANT_CONVERSION = YES;
				CLANG_WARN_DEPRECATED_OBJC_IMPLEMENTATIONS = YES;
				CLANG_WARN_DIRECT_OBJC_ISA_USAGE = YES_ERROR;
				CLANG_WARN_DOCUMENTATION_COMMENTS = YES;
				CLANG_WARN_EMPTY_BODY = YES;
				CLANG_WARN_ENUM_CONVERSION = YES;
				CLANG_WARN_INFINITE_RECURSION = YES;
				CLANG_WARN_INT_CONVERSION = YES;
				CLANG_WARN_NON_LITERAL_NULL_CONVERSION = YES;
				CLANG_WARN_OBJC_IMPLICIT_RETAIN_SELF = YES;
				CLANG_WARN_OBJC_LITERAL_CONVERSION = YES;
				CLANG_WARN_OBJC_ROOT_CLASS = YES_ERROR;
				CLANG_WARN_QUOTED_INCLUDE_IN_FRAMEWORK_HEADER = YES;
				CLANG_WARN_RANGE_LOOP_ANALYSIS = YES;
				CLANG_WARN_STRICT_PROTOTYPES = YES;
				CLANG_WARN_SUSPICIOUS_MOVE = YES;
				CLANG_WARN_UNGUARDED_AVAILABILITY = YES_AGGRESSIVE;
				CLANG_WARN_UNREACHABLE_CODE = YES;
				CLANG_WARN__DUPLICATE_METHOD_MATCH = YES;
				COPY_PHASE_STRIP = NO;
				DEBUG_INFORMATION_FORMAT = dwarf;
				ENABLE_STRICT_OBJC_MSGSEND = YES;
				ENABLE_TESTABILITY = YES;
				ENABLE_USER_SCRIPT_SANDBOXING = YES;
				GCC_C_LANGUAGE_STANDARD = gnu17;
				GCC_DYNAMIC_NO_PIC = NO;
				GCC_NO_COMMON_BLOCKS = YES;
				GCC_OPTIMIZATION_LEVEL = 0;
				GCC_PREPROCESSOR_DEFINITIONS = (
					"DEBUG=1",
					"$(inherited)",
				);
				GCC_WARN_64_TO_32_BIT_CONVERSION = YES;
				GCC_WARN_ABOUT_RETURN_TYPE = YES_ERROR;
				GCC_WARN_UNDECLARED_SELECTOR = YES;
				GCC_WARN_UNINITIALIZED_AUTOS = YES_AGGRESSIVE;
				GCC_WARN_UNUSED_FUNCTION = YES;
				GCC_WARN_UNUSED_VARIABLE = YES;
				LOCALIZATION_PREFERS_STRING_CATALOGS = YES;
				MACOSX_DEPLOYMENT_TARGET = 15.2;
				MTL_ENABLE_DEBUG_INFO = INCLUDE_SOURCE;
				MTL_FAST_MATH = YES;
				ONLY_ACTIVE_ARCH = YES;
				SDKROOT = macosx;
			};
			name = Debug;
		};
		CB9EBBA02D8EB973005A1036 /* Release */ = {
			isa = XCBuildConfiguration;
			buildSettings = {
				ALWAYS_SEARCH_USER_PATHS = NO;
				ASSETCATALOG_COMPILER_GENERATE_SWIFT_ASSET_SYMBOL_EXTENSIONS = YES;
				CLANG_ANALYZER_NONNULL = YES;
				CLANG_ANALYZER_NUMBER_OBJECT_CONVERSION = YES_AGGRESSIVE;
				CLANG_CXX_LANGUAGE_STANDARD = "gnu++20";
				CLANG_ENABLE_MODULES = YES;
				CLANG_ENABLE_OBJC_ARC = YES;
				CLANG_ENABLE_OBJC_WEAK = YES;
				CLANG_WARN_BLOCK_CAPTURE_AUTORELEASING = YES;
				CLANG_WARN_BOOL_CONVERSION = YES;
				CLANG_WARN_COMMA = YES;
				CLANG_WARN_CONSTANT_CONVERSION = YES;
				CLANG_WARN_DEPRECATED_OBJC_IMPLEMENTATIONS = YES;
				CLANG_WARN_DIRECT_OBJC_ISA_USAGE = YES_ERROR;
				CLANG_WARN_DOCUMENTATION_COMMENTS = YES;
				CLANG_WARN_EMPTY_BODY = YES;
				CLANG_WARN_ENUM_CONVERSION = YES;
				CLANG_WARN_INFINITE_RECURSION = YES;
				CLANG_WARN_INT_CONVERSION = YES;
				CLANG_WARN_NON_LITERAL_NULL_CONVERSION = YES;
				CLANG_WARN_OBJC_IMPLICIT_RETAIN_SELF = YES;
				CLANG_WARN_OBJC_LITERAL_CONVERSION = YES;
				CLANG_WARN_OBJC_ROOT_CLASS = YES_ERROR;
				CLANG_WARN_QUOTED_INCLUDE_IN_FRAMEWORK_HEADER = YES;
				CLANG_WARN_RANGE_LOOP_ANALYSIS = YES;
				CLANG_WARN_STRICT_PROTOTYPES = YES;
				CLANG_WARN_SUSPICIOUS_MOVE = YES;
				CLANG_WARN_UNGUARDED_AVAILABILITY = YES_AGGRESSIVE;
				CLANG_WARN_UNREACHABLE_CODE = YES;
				CLANG_WARN__DUPLICATE_METHOD_MATCH = YES;
				COPY_PHASE_STRIP = NO;
				DEBUG_INFORMATION_FORMAT = "dwarf-with-dsym";
				ENABLE_NS_ASSERTIONS = NO;
				ENABLE_STRICT_OBJC_MSGSEND = YES;
				ENABLE_USER_SCRIPT_SANDBOXING = YES;
				GCC_C_LANGUAGE_STANDARD = gnu17;
				GCC_NO_COMMON_BLOCKS = YES;
				GCC_WARN_64_TO_32_BIT_CONVERSION = YES;
				GCC_WARN_ABOUT_RETURN_TYPE = YES_ERROR;
				GCC_WARN_UNDECLARED_SELECTOR = YES;
				GCC_WARN_UNINITIALIZED_AUTOS = YES_AGGRESSIVE;
				GCC_WARN_UNUSED_FUNCTION = YES;
				GCC_WARN_UNUSED_VARIABLE = YES;
				LOCALIZATION_PREFERS_STRING_CATALOGS = YES;
				MACOSX_DEPLOYMENT_TARGET = 15.2;
				MTL_ENABLE_DEBUG_INFO = NO;
				MTL_FAST_MATH = YES;
				SDKROOT = macosx;
			};
			name = Release;
		};
		CB9EBBA22D8EB973005A1036 /* Debug */ = {
			isa = XCBuildConfiguration;
			buildSettings = {
				CODE_SIGN_STYLE = Automatic;
				DEVELOPMENT_TEAM = KCACRD7592;
				EXECUTABLE_PREFIX = lib;
				HEADER_SEARCH_PATHS = ../GnuEmacs/src;
				OTHER_CFLAGS = "-H";
				PRODUCT_NAME = "$(TARGET_NAME)";
				SKIP_INSTALL = YES;
			};
			name = Debug;
		};
		CB9EBBA32D8EB973005A1036 /* Release */ = {
			isa = XCBuildConfiguration;
			buildSettings = {
				CODE_SIGN_STYLE = Automatic;
				DEVELOPMENT_TEAM = KCACRD7592;
				EXECUTABLE_PREFIX = lib;
				HEADER_SEARCH_PATHS = ../GnuEmacs/src;
				OTHER_CFLAGS = "-H";
				PRODUCT_NAME = "$(TARGET_NAME)";
				SKIP_INSTALL = YES;
			};
			name = Release;
		};
/* End XCBuildConfiguration section */

/* Begin XCConfigurationList section */
		CB9EBB982D8EB973005A1036 /* Build configuration list for PBXProject "gnu" */ = {
			isa = XCConfigurationList;
			buildConfigurations = (
				CB9EBB9F2D8EB973005A1036 /* Debug */,
				CB9EBBA02D8EB973005A1036 /* Release */,
			);
			defaultConfigurationIsVisible = 0;
			defaultConfigurationName = Release;
		};
		CB9EBBA12D8EB973005A1036 /* Build configuration list for PBXNativeTarget "gnu" */ = {
			isa = XCConfigurationList;
			buildConfigurations = (
				CB9EBBA22D8EB973005A1036 /* Debug */,
				CB9EBBA32D8EB973005A1036 /* Release */,
			);
			defaultConfigurationIsVisible = 0;
			defaultConfigurationName = Release;
		};
/* End XCConfigurationList section */
	};
	rootObject = CB9EBB952D8EB973005A1036 /* Project object */;
}
